
Microsoft Visual Studio Solution File, Format Version 12.00
# Visual Studio Version 17
VisualStudioVersion = 17.0.31903.59
MinimumVisualStudioVersion = 10.0.40219.1
Project("{FAE04EC0-301F-11D3-BF4B-00C04F79EFBC}") = "dotnetweb", "dotnetweb\dotnetweb.csproj", "{77EB7DB6-CAC6-4C23-83A1-FF067681BA3F}"
EndProject
Global
	GlobalSection(SolutionConfigurationPlatforms) = preSolution
		Debug|Any CPU = Debug|Any CPU
		Release|Any CPU = Release|Any CPU
	EndGlobalSection
	GlobalSection(ProjectConfigurationPlatforms) = postSolution
		{77EB7DB6-CAC6-4C23-83A1-FF067681BA3F}.Debug|Any CPU.ActiveCfg = Debug|Any CPU
		{77EB7DB6-CAC6-4C23-83A1-FF067681BA3F}.Debug|Any CPU.Build.0 = Debug|Any CPU
		{77EB7DB6-CAC6-4C23-83A1-FF067681BA3F}.Release|Any CPU.ActiveCfg = Release|Any CPU
		{77EB7DB6-CAC6-4C23-83A1-FF067681BA3F}.Release|Any CPU.Build.0 = Release|Any CPU
	EndGlobalSection
	GlobalSection(SolutionProperties) = preSolution
		HideSolutionNode = FALSE
	EndGlobalSection
	GlobalSection(ExtensibilityGlobals) = postSolution
		SolutionGuid = {5E594676-9FBF-43C8-8C25-ECD1269A7D1C}
	EndGlobalSection
EndGlobal
